
Microsoft Visual Studio Solution File, Format Version 12.00
# Visual Studio Version 17
VisualStudioVersion = 17.4.33403.182
MinimumVisualStudioVersion = 10.0.40219.1
Project("{FAE04EC0-301F-11D3-BF4B-00C04F79EFBC}") = "RabbitMQConsumer", "RabbitMQConsumer\RabbitMQConsumer.csproj", "{4086DB93-BC2B-40A7-816A-F02F6CC9E9E8}"
EndProject
Global
	GlobalSection(SolutionConfigurationPlatforms) = preSolution
		Debug|Any CPU = Debug|Any CPU
		Release|Any CPU = Release|Any CPU
	EndGlobalSection
	GlobalSection(ProjectConfigurationPlatforms) = postSolution
		{4086DB93-BC2B-40A7-816A-F02F6CC9E9E8}.Debug|Any CPU.ActiveCfg = Debug|Any CPU
		{4086DB93-BC2B-40A7-816A-F02F6CC9E9E8}.Debug|Any CPU.Build.0 = Debug|Any CPU
		{4086DB93-BC2B-40A7-816A-F02F6CC9E9E8}.Release|Any CPU.ActiveCfg = Release|Any CPU
		{4086DB93-BC2B-40A7-816A-F02F6CC9E9E8}.Release|Any CPU.Build.0 = Release|Any CPU
	EndGlobalSection
	GlobalSection(SolutionProperties) = preSolution
		HideSolutionNode = FALSE
	EndGlobalSection
	GlobalSection(ExtensibilityGlobals) = postSolution
		SolutionGuid = {4CD36446-C627-41AD-9531-54F229082CCE}
	EndGlobalSection
EndGlobal
